
Microsoft Visual Studio Solution File, Format Version 12.00
# Visual Studio Version 16
VisualStudioVersion = 25.0.1706.7
MinimumVisualStudioVersion = 10.0.40219.1
Project("{FAE04EC0-301F-11D3-BF4B-00C04F79EFBC}") = "Random_Number", "Random_Number.csproj", "{C420531E-0298-4E33-A3C0-C2B3E680EC53}"
EndProject
Global
	GlobalSection(SolutionConfigurationPlatforms) = preSolution
		Debug|Any CPU = Debug|Any CPU
		Release|Any CPU = Release|Any CPU
	EndGlobalSection
	GlobalSection(ProjectConfigurationPlatforms) = postSolution
		{C420531E-0298-4E33-A3C0-C2B3E680EC53}.Debug|Any CPU.ActiveCfg = Debug|Any CPU
		{C420531E-0298-4E33-A3C0-C2B3E680EC53}.Debug|Any CPU.Build.0 = Debug|Any CPU
		{C420531E-0298-4E33-A3C0-C2B3E680EC53}.Release|Any CPU.ActiveCfg = Release|Any CPU
		{C420531E-0298-4E33-A3C0-C2B3E680EC53}.Release|Any CPU.Build.0 = Release|Any CPU
	EndGlobalSection
	GlobalSection(SolutionProperties) = preSolution
		HideSolutionNode = FALSE
	EndGlobalSection
	GlobalSection(ExtensibilityGlobals) = postSolution
		SolutionGuid = {05E744EB-4510-4E6B-95A9-78D4C31F1FAE}
	EndGlobalSection
EndGlobal
